// !$*UTF8*$!
{
	archiveVersion = 1;
	classes = {
	};
	objectVersion = 51;
	objects = {

/* Begin PBXBuildFile section */
		3ADD7CCD1F4C2C04009EB1FB /* AppDelegate.swift in Sources */ = {isa = PBXBuildFile; fileRef = 3ADD7CCB1F4C2C04009EB1FB /* AppDelegate.swift */; };
		3ADD7CCE1F4C2C04009EB1FB /* RegistrationViewController.swift in Sources */ = {isa = PBXBuildFile; fileRef = 3ADD7CCC1F4C2C04009EB1FB /* RegistrationViewController.swift */; };
		3ADD7CD11F4C2C0E009EB1FB /* NetworkService.swift in Sources */ = {isa = PBXBuildFile; fileRef = 3ADD7CD01F4C2C0E009EB1FB /* NetworkService.swift */; };
		4D24EF5D1F49A0A9003F4926 /* Main.storyboard in Resources */ = {isa = PBXBuildFile; fileRef = 4D24EF5B1F49A0A9003F4926 /* Main.storyboard */; };
		4D24EF5F1F49A0A9003F4926 /* Assets.xcassets in Resources */ = {isa = PBXBuildFile; fileRef = 4D24EF5E1F49A0A9003F4926 /* Assets.xcassets */; };
		4D24EF621F49A0A9003F4926 /* LaunchScreen.storyboard in Resources */ = {isa = PBXBuildFile; fileRef = 4D24EF601F49A0A9003F4926 /* LaunchScreen.storyboard */; };
		4D24EF6D1F49A0A9003F4926 /* NetworkTaskTests.swift in Sources */ = {isa = PBXBuildFile; fileRef = 4D24EF6C1F49A0A9003F4926 /* NetworkTaskTests.swift */; };
		5143A076229DBBEA006296EE /* ApiError.swift in Sources */ = {isa = PBXBuildFile; fileRef = 5143A06E229DBBEA006296EE /* ApiError.swift */; };
		5143A077229DBBEA006296EE /* UserEndpointHandler.swift in Sources */ = {isa = PBXBuildFile; fileRef = 5143A06F229DBBEA006296EE /* UserEndpointHandler.swift */; };
		5143A078229DBBEA006296EE /* EventsEndpointHandler.swift in Sources */ = {isa = PBXBuildFile; fileRef = 5143A070229DBBEA006296EE /* EventsEndpointHandler.swift */; };
		5143A079229DBBEA006296EE /* URLSessionMock.swift in Sources */ = {isa = PBXBuildFile; fileRef = 5143A071229DBBEA006296EE /* URLSessionMock.swift */; };
		5143A07A229DBBEA006296EE /* URLSessionDataTaskMock.swift in Sources */ = {isa = PBXBuildFile; fileRef = 5143A072229DBBEA006296EE /* URLSessionDataTaskMock.swift */; };
		5143A07C229DBBEA006296EE /* events.db.json in Resources */ = {isa = PBXBuildFile; fileRef = 5143A075229DBBEA006296EE /* events.db.json */; };
		8E3B64682460EF1D002F0530 /* RegistrationViewModel.swift in Sources */ = {isa = PBXBuildFile; fileRef = 8E3B64672460EF1D002F0530 /* RegistrationViewModel.swift */; };
		8E3B646B2460F1D9002F0530 /* Bindable.swift in Sources */ = {isa = PBXBuildFile; fileRef = 8E3B646A2460F1D9002F0530 /* Bindable.swift */; };
		8E3B646D246103B7002F0530 /* user.db.json in Resources */ = {isa = PBXBuildFile; fileRef = 8E3B646C246103B7002F0530 /* user.db.json */; };
		8EEBF68E246183840055BDEA /* HTTPMethod.swift in Sources */ = {isa = PBXBuildFile; fileRef = 8EEBF68D246183840055BDEA /* HTTPMethod.swift */; };
		8EEBF691246186280055BDEA /* EventsViewController.swift in Sources */ = {isa = PBXBuildFile; fileRef = 8EEBF690246186280055BDEA /* EventsViewController.swift */; };
		8EEBF693246186390055BDEA /* EventsViewModel.swift in Sources */ = {isa = PBXBuildFile; fileRef = 8EEBF692246186390055BDEA /* EventsViewModel.swift */; };
		8EEBF6952461874E0055BDEA /* AppStoryboard.swift in Sources */ = {isa = PBXBuildFile; fileRef = 8EEBF6942461874E0055BDEA /* AppStoryboard.swift */; };
		8EEBF698246187960055BDEA /* UIViewController.swift in Sources */ = {isa = PBXBuildFile; fileRef = 8EEBF697246187960055BDEA /* UIViewController.swift */; };
		8EEBF69B24618A130055BDEA /* Event.swift in Sources */ = {isa = PBXBuildFile; fileRef = 8EEBF69A24618A130055BDEA /* Event.swift */; };
		8EEBF69D24618A1D0055BDEA /* User.swift in Sources */ = {isa = PBXBuildFile; fileRef = 8EEBF69C24618A1D0055BDEA /* User.swift */; };
		8EEBF69F24618FC20055BDEA /* SessionManager.swift in Sources */ = {isa = PBXBuildFile; fileRef = 8EEBF69E24618FC20055BDEA /* SessionManager.swift */; };
		8EEBF6A3246191100055BDEA /* EventCell.swift in Sources */ = {isa = PBXBuildFile; fileRef = 8EEBF6A1246191100055BDEA /* EventCell.swift */; };
		8EEBF6A4246191100055BDEA /* EventCell.xib in Resources */ = {isa = PBXBuildFile; fileRef = 8EEBF6A2246191100055BDEA /* EventCell.xib */; };
		8EEBF6A6246191EE0055BDEA /* UITableView.swift in Sources */ = {isa = PBXBuildFile; fileRef = 8EEBF6A5246191EE0055BDEA /* UITableView.swift */; };
		8EEBF6A8246194510055BDEA /* NSObject.swift in Sources */ = {isa = PBXBuildFile; fileRef = 8EEBF6A7246194510055BDEA /* NSObject.swift */; };
		8EF49BB6246204CA006C1DFD /* CustomLoading.swift in Sources */ = {isa = PBXBuildFile; fileRef = 8EF49BB5246204CA006C1DFD /* CustomLoading.swift */; };
		8EF49BB924621FD2006C1DFD /* Constants.swift in Sources */ = {isa = PBXBuildFile; fileRef = 8EF49BB824621FD2006C1DFD /* Constants.swift */; };
/* End PBXBuildFile section */

/* Begin PBXContainerItemProxy section */
		4D24EF691F49A0A9003F4926 /* PBXContainerItemProxy */ = {
			isa = PBXContainerItemProxy;
			containerPortal = 4D24EF4C1F49A0A9003F4926 /* Project object */;
			proxyType = 1;
			remoteGlobalIDString = 4D24EF531F49A0A9003F4926;
			remoteInfo = NetworkTask;
		};
/* End PBXContainerItemProxy section */

/* Begin PBXFileReference section */
		3ADD7CCB1F4C2C04009EB1FB /* AppDelegate.swift */ = {isa = PBXFileReference; fileEncoding = 4; lastKnownFileType = sourcecode.swift; path = AppDelegate.swift; sourceTree = "<group>"; };
		3ADD7CCC1F4C2C04009EB1FB /* RegistrationViewController.swift */ = {isa = PBXFileReference; fileEncoding = 4; lastKnownFileType = sourcecode.swift; path = RegistrationViewController.swift; sourceTree = "<group>"; };
		3ADD7CD01F4C2C0E009EB1FB /* NetworkService.swift */ = {isa = PBXFileReference; fileEncoding = 4; lastKnownFileType = sourcecode.swift; path = NetworkService.swift; sourceTree = "<group>"; };
		4D24EF541F49A0A9003F4926 /* NetworkTask.app */ = {isa = PBXFileReference; explicitFileType = wrapper.application; includeInIndex = 0; path = NetworkTask.app; sourceTree = BUILT_PRODUCTS_DIR; };
		4D24EF5C1F49A0A9003F4926 /* Base */ = {isa = PBXFileReference; lastKnownFileType = file.storyboard; name = Base; path = Base.lproj/Main.storyboard; sourceTree = "<group>"; };
		4D24EF5E1F49A0A9003F4926 /* Assets.xcassets */ = {isa = PBXFileReference; lastKnownFileType = folder.assetcatalog; path = Assets.xcassets; sourceTree = "<group>"; };
		4D24EF611F49A0A9003F4926 /* Base */ = {isa = PBXFileReference; lastKnownFileType = file.storyboard; name = Base; path = Base.lproj/LaunchScreen.storyboard; sourceTree = "<group>"; };
		4D24EF631F49A0A9003F4926 /* Info.plist */ = {isa = PBXFileReference; lastKnownFileType = text.plist.xml; path = Info.plist; sourceTree = "<group>"; };
		4D24EF681F49A0A9003F4926 /* NetworkTaskTests.xctest */ = {isa = PBXFileReference; explicitFileType = wrapper.cfbundle; includeInIndex = 0; path = NetworkTaskTests.xctest; sourceTree = BUILT_PRODUCTS_DIR; };
		4D24EF6C1F49A0A9003F4926 /* NetworkTaskTests.swift */ = {isa = PBXFileReference; lastKnownFileType = sourcecode.swift; path = NetworkTaskTests.swift; sourceTree = "<group>"; };
		4D24EF6E1F49A0A9003F4926 /* Info.plist */ = {isa = PBXFileReference; lastKnownFileType = text.plist.xml; path = Info.plist; sourceTree = "<group>"; };
		5143A06E229DBBEA006296EE /* ApiError.swift */ = {isa = PBXFileReference; fileEncoding = 4; lastKnownFileType = sourcecode.swift; path = ApiError.swift; sourceTree = "<group>"; };
		5143A06F229DBBEA006296EE /* UserEndpointHandler.swift */ = {isa = PBXFileReference; fileEncoding = 4; lastKnownFileType = sourcecode.swift; path = UserEndpointHandler.swift; sourceTree = "<group>"; };
		5143A070229DBBEA006296EE /* EventsEndpointHandler.swift */ = {isa = PBXFileReference; fileEncoding = 4; lastKnownFileType = sourcecode.swift; path = EventsEndpointHandler.swift; sourceTree = "<group>"; };
		5143A071229DBBEA006296EE /* URLSessionMock.swift */ = {isa = PBXFileReference; fileEncoding = 4; lastKnownFileType = sourcecode.swift; path = URLSessionMock.swift; sourceTree = "<group>"; };
		5143A072229DBBEA006296EE /* URLSessionDataTaskMock.swift */ = {isa = PBXFileReference; fileEncoding = 4; lastKnownFileType = sourcecode.swift; path = URLSessionDataTaskMock.swift; sourceTree = "<group>"; };
		5143A075229DBBEA006296EE /* events.db.json */ = {isa = PBXFileReference; fileEncoding = 4; lastKnownFileType = text.json; path = events.db.json; sourceTree = "<group>"; };
		8E3B64672460EF1D002F0530 /* RegistrationViewModel.swift */ = {isa = PBXFileReference; lastKnownFileType = sourcecode.swift; path = RegistrationViewModel.swift; sourceTree = "<group>"; };
		8E3B646A2460F1D9002F0530 /* Bindable.swift */ = {isa = PBXFileReference; lastKnownFileType = sourcecode.swift; path = Bindable.swift; sourceTree = "<group>"; };
		8E3B646C246103B7002F0530 /* user.db.json */ = {isa = PBXFileReference; fileEncoding = 4; lastKnownFileType = text.json; path = user.db.json; sourceTree = "<group>"; };
		8EEBF68D246183840055BDEA /* HTTPMethod.swift */ = {isa = PBXFileReference; lastKnownFileType = sourcecode.swift; path = HTTPMethod.swift; sourceTree = "<group>"; };
		8EEBF690246186280055BDEA /* EventsViewController.swift */ = {isa = PBXFileReference; lastKnownFileType = sourcecode.swift; path = EventsViewController.swift; sourceTree = "<group>"; };
		8EEBF692246186390055BDEA /* EventsViewModel.swift */ = {isa = PBXFileReference; lastKnownFileType = sourcecode.swift; path = EventsViewModel.swift; sourceTree = "<group>"; };
		8EEBF6942461874E0055BDEA /* AppStoryboard.swift */ = {isa = PBXFileReference; lastKnownFileType = sourcecode.swift; path = AppStoryboard.swift; sourceTree = "<group>"; };
		8EEBF697246187960055BDEA /* UIViewController.swift */ = {isa = PBXFileReference; lastKnownFileType = sourcecode.swift; path = UIViewController.swift; sourceTree = "<group>"; };
		8EEBF69A24618A130055BDEA /* Event.swift */ = {isa = PBXFileReference; lastKnownFileType = sourcecode.swift; path = Event.swift; sourceTree = "<group>"; };
		8EEBF69C24618A1D0055BDEA /* User.swift */ = {isa = PBXFileReference; lastKnownFileType = sourcecode.swift; path = User.swift; sourceTree = "<group>"; };
		8EEBF69E24618FC20055BDEA /* SessionManager.swift */ = {isa = PBXFileReference; lastKnownFileType = sourcecode.swift; path = SessionManager.swift; sourceTree = "<group>"; };
		8EEBF6A1246191100055BDEA /* EventCell.swift */ = {isa = PBXFileReference; lastKnownFileType = sourcecode.swift; path = EventCell.swift; sourceTree = "<group>"; };
		8EEBF6A2246191100055BDEA /* EventCell.xib */ = {isa = PBXFileReference; lastKnownFileType = file.xib; path = EventCell.xib; sourceTree = "<group>"; };
		8EEBF6A5246191EE0055BDEA /* UITableView.swift */ = {isa = PBXFileReference; lastKnownFileType = sourcecode.swift; path = UITableView.swift; sourceTree = "<group>"; };
		8EEBF6A7246194510055BDEA /* NSObject.swift */ = {isa = PBXFileReference; lastKnownFileType = sourcecode.swift; path = NSObject.swift; sourceTree = "<group>"; };
		8EF49BB5246204CA006C1DFD /* CustomLoading.swift */ = {isa = PBXFileReference; lastKnownFileType = sourcecode.swift; path = CustomLoading.swift; sourceTree = "<group>"; };
		8EF49BB824621FD2006C1DFD /* Constants.swift */ = {isa = PBXFileReference; lastKnownFileType = sourcecode.swift; path = Constants.swift; sourceTree = "<group>"; };
/* End PBXFileReference section */

/* Begin PBXFrameworksBuildPhase section */
		4D24EF511F49A0A9003F4926 /* Frameworks */ = {
			isa = PBXFrameworksBuildPhase;
			buildActionMask = 2147483647;
			files = (
			);
			runOnlyForDeploymentPostprocessing = 0;
		};
		4D24EF651F49A0A9003F4926 /* Frameworks */ = {
			isa = PBXFrameworksBuildPhase;
			buildActionMask = 2147483647;
			files = (
			);
			runOnlyForDeploymentPostprocessing = 0;
		};
/* End PBXFrameworksBuildPhase section */

/* Begin PBXGroup section */
		4D24EF4B1F49A0A9003F4926 = {
			isa = PBXGroup;
			children = (
				4D24EF561F49A0A9003F4926 /* NetworkTask */,
				4D24EF6B1F49A0A9003F4926 /* NetworkTaskTests */,
				4D24EF551F49A0A9003F4926 /* Products */,
			);
			sourceTree = "<group>";
		};
		4D24EF551F49A0A9003F4926 /* Products */ = {
			isa = PBXGroup;
			children = (
				4D24EF541F49A0A9003F4926 /* NetworkTask.app */,
				4D24EF681F49A0A9003F4926 /* NetworkTaskTests.xctest */,
			);
			name = Products;
			sourceTree = "<group>";
		};
		4D24EF561F49A0A9003F4926 /* NetworkTask */ = {
			isa = PBXGroup;
			children = (
				3ADD7CCB1F4C2C04009EB1FB /* AppDelegate.swift */,
				4D24EF5B1F49A0A9003F4926 /* Main.storyboard */,
				8EEBF6962461878B0055BDEA /* Extensions */,
				8EEBF68924610A2E0055BDEA /* Repository */,
				5143A06D229DBBEA006296EE /* API */,
				8EEBF699246189F30055BDEA /* Model */,
				8E3B64692460F1C5002F0530 /* Helpers */,
				8EF49BBB2462E0FF006C1DFD /* Managers */,
				8EF49BBA24623704006C1DFD /* Components */,
				8E6E93F02460ECAF00E6FF51 /* Modules */,
				8E6E93F22460ECDB00E6FF51 /* Supporting Files */,
			);
			path = NetworkTask;
			sourceTree = "<group>";
		};
		4D24EF6B1F49A0A9003F4926 /* NetworkTaskTests */ = {
			isa = PBXGroup;
			children = (
				4D24EF6C1F49A0A9003F4926 /* NetworkTaskTests.swift */,
				4D24EF6E1F49A0A9003F4926 /* Info.plist */,
			);
			path = NetworkTaskTests;
			sourceTree = "<group>";
		};
		5143A06D229DBBEA006296EE /* API */ = {
			isa = PBXGroup;
			children = (
				3ADD7CD01F4C2C0E009EB1FB /* NetworkService.swift */,
				5143A06E229DBBEA006296EE /* ApiError.swift */,
				5143A06F229DBBEA006296EE /* UserEndpointHandler.swift */,
				5143A070229DBBEA006296EE /* EventsEndpointHandler.swift */,
				5143A071229DBBEA006296EE /* URLSessionMock.swift */,
				5143A072229DBBEA006296EE /* URLSessionDataTaskMock.swift */,
				8EEBF68D246183840055BDEA /* HTTPMethod.swift */,
			);
			path = API;
			sourceTree = "<group>";
		};
		8E3B64692460F1C5002F0530 /* Helpers */ = {
			isa = PBXGroup;
			children = (
				8E3B646A2460F1D9002F0530 /* Bindable.swift */,
				8EEBF6942461874E0055BDEA /* AppStoryboard.swift */,
			);
			path = Helpers;
			sourceTree = "<group>";
		};
		8E6E93F02460ECAF00E6FF51 /* Modules */ = {
			isa = PBXGroup;
			children = (
				8E6E93F12460ECBA00E6FF51 /* Registration */,
				8EEBF68F2461860C0055BDEA /* Events */,
			);
			path = Modules;
			sourceTree = "<group>";
		};
		8E6E93F12460ECBA00E6FF51 /* Registration */ = {
			isa = PBXGroup;
			children = (
				3ADD7CCC1F4C2C04009EB1FB /* RegistrationViewController.swift */,
				8E3B64672460EF1D002F0530 /* RegistrationViewModel.swift */,
			);
			path = Registration;
			sourceTree = "<group>";
		};
		8E6E93F22460ECDB00E6FF51 /* Supporting Files */ = {
			isa = PBXGroup;
			children = (
				4D24EF5E1F49A0A9003F4926 /* Assets.xcassets */,
				4D24EF601F49A0A9003F4926 /* LaunchScreen.storyboard */,
				4D24EF631F49A0A9003F4926 /* Info.plist */,
				8EF49BB824621FD2006C1DFD /* Constants.swift */,
			);
			path = "Supporting Files";
			sourceTree = "<group>";
		};
		8EEBF68924610A2E0055BDEA /* Repository */ = {
			isa = PBXGroup;
			children = (
				5143A075229DBBEA006296EE /* events.db.json */,
				8E3B646C246103B7002F0530 /* user.db.json */,
			);
			path = Repository;
			sourceTree = "<group>";
		};
		8EEBF68F2461860C0055BDEA /* Events */ = {
			isa = PBXGroup;
			children = (
				8EEBF6A0246190EF0055BDEA /* Cells */,
				8EEBF690246186280055BDEA /* EventsViewController.swift */,
				8EEBF692246186390055BDEA /* EventsViewModel.swift */,
			);
			path = Events;
			sourceTree = "<group>";
		};
		8EEBF6962461878B0055BDEA /* Extensions */ = {
			isa = PBXGroup;
			children = (
				8EEBF697246187960055BDEA /* UIViewController.swift */,
				8EEBF6A5246191EE0055BDEA /* UITableView.swift */,
				8EEBF6A7246194510055BDEA /* NSObject.swift */,
			);
			path = Extensions;
			sourceTree = "<group>";
		};
		8EEBF699246189F30055BDEA /* Model */ = {
			isa = PBXGroup;
			children = (
				8EEBF69A24618A130055BDEA /* Event.swift */,
				8EEBF69C24618A1D0055BDEA /* User.swift */,
			);
			path = Model;
			sourceTree = "<group>";
		};
		8EEBF6A0246190EF0055BDEA /* Cells */ = {
			isa = PBXGroup;
			children = (
				8EEBF6A1246191100055BDEA /* EventCell.swift */,
				8EEBF6A2246191100055BDEA /* EventCell.xib */,
			);
			path = Cells;
			sourceTree = "<group>";
		};
		8EF49BBA24623704006C1DFD /* Components */ = {
			isa = PBXGroup;
			children = (
				8EF49BB5246204CA006C1DFD /* CustomLoading.swift */,
			);
			path = Components;
			sourceTree = "<group>";
		};
		8EF49BBB2462E0FF006C1DFD /* Managers */ = {
			isa = PBXGroup;
			children = (
				8EEBF69E24618FC20055BDEA /* SessionManager.swift */,
			);
			path = Managers;
			sourceTree = "<group>";
		};
/* End PBXGroup section */

/* Begin PBXNativeTarget section */
		4D24EF531F49A0A9003F4926 /* NetworkTask */ = {
			isa = PBXNativeTarget;
			buildConfigurationList = 4D24EF711F49A0A9003F4926 /* Build configuration list for PBXNativeTarget "NetworkTask" */;
			buildPhases = (
				4D24EF501F49A0A9003F4926 /* Sources */,
				4D24EF511F49A0A9003F4926 /* Frameworks */,
				4D24EF521F49A0A9003F4926 /* Resources */,
			);
			buildRules = (
			);
			dependencies = (
			);
			name = NetworkTask;
			productName = NetworkTask;
			productReference = 4D24EF541F49A0A9003F4926 /* NetworkTask.app */;
			productType = "com.apple.product-type.application";
		};
		4D24EF671F49A0A9003F4926 /* NetworkTaskTests */ = {
			isa = PBXNativeTarget;
			buildConfigurationList = 4D24EF741F49A0A9003F4926 /* Build configuration list for PBXNativeTarget "NetworkTaskTests" */;
			buildPhases = (
				4D24EF641F49A0A9003F4926 /* Sources */,
				4D24EF651F49A0A9003F4926 /* Frameworks */,
				4D24EF661F49A0A9003F4926 /* Resources */,
			);
			buildRules = (
			);
			dependencies = (
				4D24EF6A1F49A0A9003F4926 /* PBXTargetDependency */,
			);
			name = NetworkTaskTests;
			productName = NetworkTaskTests;
			productReference = 4D24EF681F49A0A9003F4926 /* NetworkTaskTests.xctest */;
			productType = "com.apple.product-type.bundle.unit-test";
		};
/* End PBXNativeTarget section */

/* Begin PBXProject section */
		4D24EF4C1F49A0A9003F4926 /* Project object */ = {
			isa = PBXProject;
			attributes = {
				LastSwiftUpdateCheck = 0830;
				LastUpgradeCheck = 0830;
				ORGANIZATIONNAME = Devskiller;
				TargetAttributes = {
					4D24EF531F49A0A9003F4926 = {
						CreatedOnToolsVersion = 8.3.3;
						ProvisioningStyle = Automatic;
					};
					4D24EF671F49A0A9003F4926 = {
						CreatedOnToolsVersion = 8.3.3;
						ProvisioningStyle = Automatic;
						TestTargetID = 4D24EF531F49A0A9003F4926;
					};
				};
			};
			buildConfigurationList = 4D24EF4F1F49A0A9003F4926 /* Build configuration list for PBXProject "NetworkTask" */;
			compatibilityVersion = "Xcode 10.0";
			developmentRegion = English;
			hasScannedForEncodings = 0;
			knownRegions = (
				English,
				en,
				Base,
			);
			mainGroup = 4D24EF4B1F49A0A9003F4926;
			productRefGroup = 4D24EF551F49A0A9003F4926 /* Products */;
			projectDirPath = "";
			projectRoot = "";
			targets = (
				4D24EF531F49A0A9003F4926 /* NetworkTask */,
				4D24EF671F49A0A9003F4926 /* NetworkTaskTests */,
			);
		};
/* End PBXProject section */

/* Begin PBXResourcesBuildPhase section */
		4D24EF521F49A0A9003F4926 /* Resources */ = {
			isa = PBXResourcesBuildPhase;
			buildActionMask = 2147483647;
			files = (
				4D24EF621F49A0A9003F4926 /* LaunchScreen.storyboard in Resources */,
				5143A07C229DBBEA006296EE /* events.db.json in Resources */,
				8E3B646D246103B7002F0530 /* user.db.json in Resources */,
				4D24EF5F1F49A0A9003F4926 /* Assets.xcassets in Resources */,
				8EEBF6A4246191100055BDEA /* EventCell.xib in Resources */,
				4D24EF5D1F49A0A9003F4926 /* Main.storyboard in Resources */,
			);
			runOnlyForDeploymentPostprocessing = 0;
		};
		4D24EF661F49A0A9003F4926 /* Resources */ = {
			isa = PBXResourcesBuildPhase;
			buildActionMask = 2147483647;
			files = (
			);
			runOnlyForDeploymentPostprocessing = 0;
		};
/* End PBXResourcesBuildPhase section */

/* Begin PBXSourcesBuildPhase section */
		4D24EF501F49A0A9003F4926 /* Sources */ = {
			isa = PBXSourcesBuildPhase;
			buildActionMask = 2147483647;
			files = (
				8E3B646B2460F1D9002F0530 /* Bindable.swift in Sources */,
				8EEBF693246186390055BDEA /* EventsViewModel.swift in Sources */,
				3ADD7CCD1F4C2C04009EB1FB /* AppDelegate.swift in Sources */,
				8EEBF6A8246194510055BDEA /* NSObject.swift in Sources */,
				8E3B64682460EF1D002F0530 /* RegistrationViewModel.swift in Sources */,
				8EEBF68E246183840055BDEA /* HTTPMethod.swift in Sources */,
				8EF49BB924621FD2006C1DFD /* Constants.swift in Sources */,
				5143A077229DBBEA006296EE /* UserEndpointHandler.swift in Sources */,
				8EEBF691246186280055BDEA /* EventsViewController.swift in Sources */,
				8EEBF69F24618FC20055BDEA /* SessionManager.swift in Sources */,
				8EF49BB6246204CA006C1DFD /* CustomLoading.swift in Sources */,
				8EEBF6A3246191100055BDEA /* EventCell.swift in Sources */,
				8EEBF69D24618A1D0055BDEA /* User.swift in Sources */,
				5143A078229DBBEA006296EE /* EventsEndpointHandler.swift in Sources */,
				8EEBF69B24618A130055BDEA /* Event.swift in Sources */,
				8EEBF6952461874E0055BDEA /* AppStoryboard.swift in Sources */,
				5143A079229DBBEA006296EE /* URLSessionMock.swift in Sources */,
				3ADD7CCE1F4C2C04009EB1FB /* RegistrationViewController.swift in Sources */,
				3ADD7CD11F4C2C0E009EB1FB /* NetworkService.swift in Sources */,
				5143A076229DBBEA006296EE /* ApiError.swift in Sources */,
				8EEBF6A6246191EE0055BDEA /* UITableView.swift in Sources */,
				5143A07A229DBBEA006296EE /* URLSessionDataTaskMock.swift in Sources */,
				8EEBF698246187960055BDEA /* UIViewController.swift in Sources */,
			);
			runOnlyForDeploymentPostprocessing = 0;
		};
		4D24EF641F49A0A9003F4926 /* Sources */ = {
			isa = PBXSourcesBuildPhase;
			buildActionMask = 2147483647;
			files = (
				4D24EF6D1F49A0A9003F4926 /* NetworkTaskTests.swift in Sources */,
			);
			runOnlyForDeploymentPostprocessing = 0;
		};
/* End PBXSourcesBuildPhase section */

/* Begin PBXTargetDependency section */
		4D24EF6A1F49A0A9003F4926 /* PBXTargetDependency */ = {
			isa = PBXTargetDependency;
			target = 4D24EF531F49A0A9003F4926 /* NetworkTask */;
			targetProxy = 4D24EF691F49A0A9003F4926 /* PBXContainerItemProxy */;
		};
/* End PBXTargetDependency section */

/* Begin PBXVariantGroup section */
		4D24EF5B1F49A0A9003F4926 /* Main.storyboard */ = {
			isa = PBXVariantGroup;
			children = (
				4D24EF5C1F49A0A9003F4926 /* Base */,
			);
			name = Main.storyboard;
			sourceTree = "<group>";
		};
		4D24EF601F49A0A9003F4926 /* LaunchScreen.storyboard */ = {
			isa = PBXVariantGroup;
			children = (
				4D24EF611F49A0A9003F4926 /* Base */,
			);
			name = LaunchScreen.storyboard;
			sourceTree = "<group>";
		};
/* End PBXVariantGroup section */

/* Begin XCBuildConfiguration section */
		4D24EF6F1F49A0A9003F4926 /* Debug */ = {
			isa = XCBuildConfiguration;
			buildSettings = {
				ALWAYS_SEARCH_USER_PATHS = NO;
				CLANG_ANALYZER_NONNULL = YES;
				CLANG_ANALYZER_NUMBER_OBJECT_CONVERSION = YES_AGGRESSIVE;
				CLANG_CXX_LANGUAGE_STANDARD = "gnu++0x";
				CLANG_CXX_LIBRARY = "libc++";
				CLANG_ENABLE_MODULES = YES;
				CLANG_ENABLE_OBJC_ARC = YES;
				CLANG_WARN_BOOL_CONVERSION = YES;
				CLANG_WARN_CONSTANT_CONVERSION = YES;
				CLANG_WARN_DIRECT_OBJC_ISA_USAGE = YES_ERROR;
				CLANG_WARN_DOCUMENTATION_COMMENTS = YES;
				CLANG_WARN_EMPTY_BODY = YES;
				CLANG_WARN_ENUM_CONVERSION = YES;
				CLANG_WARN_INFINITE_RECURSION = YES;
				CLANG_WARN_INT_CONVERSION = YES;
				CLANG_WARN_OBJC_ROOT_CLASS = YES_ERROR;
				CLANG_WARN_SUSPICIOUS_MOVE = YES;
				CLANG_WARN_UNREACHABLE_CODE = YES;
				CLANG_WARN__DUPLICATE_METHOD_MATCH = YES;
				"CODE_SIGN_IDENTITY[sdk=iphoneos*]" = "iPhone Developer";
				COPY_PHASE_STRIP = NO;
				DEBUG_INFORMATION_FORMAT = dwarf;
				ENABLE_STRICT_OBJC_MSGSEND = YES;
				ENABLE_TESTABILITY = YES;
				GCC_C_LANGUAGE_STANDARD = gnu99;
				GCC_DYNAMIC_NO_PIC = NO;
				GCC_NO_COMMON_BLOCKS = YES;
				GCC_OPTIMIZATION_LEVEL = 0;
				GCC_PREPROCESSOR_DEFINITIONS = (
					"DEBUG=1",
					"$(inherited)",
				);
				GCC_WARN_64_TO_32_BIT_CONVERSION = YES;
				GCC_WARN_ABOUT_RETURN_TYPE = YES_ERROR;
				GCC_WARN_UNDECLARED_SELECTOR = YES;
				GCC_WARN_UNINITIALIZED_AUTOS = YES_AGGRESSIVE;
				GCC_WARN_UNUSED_FUNCTION = YES;
				GCC_WARN_UNUSED_VARIABLE = YES;
				IPHONEOS_DEPLOYMENT_TARGET = 11.4;
				MTL_ENABLE_DEBUG_INFO = YES;
				ONLY_ACTIVE_ARCH = YES;
				SDKROOT = iphoneos;
				SWIFT_ACTIVE_COMPILATION_CONDITIONS = DEBUG;
				SWIFT_OPTIMIZATION_LEVEL = "-Onone";
				TARGETED_DEVICE_FAMILY = "1,2";
			};
			name = Debug;
		};
		4D24EF701F49A0A9003F4926 /* Release */ = {
			isa = XCBuildConfiguration;
			buildSettings = {
				ALWAYS_SEARCH_USER_PATHS = NO;
				CLANG_ANALYZER_NONNULL = YES;
				CLANG_ANALYZER_NUMBER_OBJECT_CONVERSION = YES_AGGRESSIVE;
				CLANG_CXX_LANGUAGE_STANDARD = "gnu++0x";
				CLANG_CXX_LIBRARY = "libc++";
				CLANG_ENABLE_MODULES = YES;
				CLANG_ENABLE_OBJC_ARC = YES;
				CLANG_WARN_BOOL_CONVERSION = YES;
				CLANG_WARN_CONSTANT_CONVERSION = YES;
				CLANG_WARN_DIRECT_OBJC_ISA_USAGE = YES_ERROR;
				CLANG_WARN_DOCUMENTATION_COMMENTS = YES;
				CLANG_WARN_EMPTY_BODY = YES;
				CLANG_WARN_ENUM_CONVERSION = YES;
				CLANG_WARN_INFINITE_RECURSION = YES;
				CLANG_WARN_INT_CONVERSION = YES;
				CLANG_WARN_OBJC_ROOT_CLASS = YES_ERROR;
				CLANG_WARN_SUSPICIOUS_MOVE = YES;
				CLANG_WARN_UNREACHABLE_CODE = YES;
				CLANG_WARN__DUPLICATE_METHOD_MATCH = YES;
				"CODE_SIGN_IDENTITY[sdk=iphoneos*]" = "iPhone Developer";
				COPY_PHASE_STRIP = NO;
				DEBUG_INFORMATION_FORMAT = "dwarf-with-dsym";
				ENABLE_NS_ASSERTIONS = NO;
				ENABLE_STRICT_OBJC_MSGSEND = YES;
				GCC_C_LANGUAGE_STANDARD = gnu99;
				GCC_NO_COMMON_BLOCKS = YES;
				GCC_WARN_64_TO_32_BIT_CONVERSION = YES;
				GCC_WARN_ABOUT_RETURN_TYPE = YES_ERROR;
				GCC_WARN_UNDECLARED_SELECTOR = YES;
				GCC_WARN_UNINITIALIZED_AUTOS = YES_AGGRESSIVE;
				GCC_WARN_UNUSED_FUNCTION = YES;
				GCC_WARN_UNUSED_VARIABLE = YES;
				IPHONEOS_DEPLOYMENT_TARGET = 11.4;
				MTL_ENABLE_DEBUG_INFO = NO;
				SDKROOT = iphoneos;
				SWIFT_COMPILATION_MODE = wholemodule;
				SWIFT_OPTIMIZATION_LEVEL = "-O";
				TARGETED_DEVICE_FAMILY = "1,2";
				VALIDATE_PRODUCT = YES;
			};
			name = Release;
		};
		4D24EF721F49A0A9003F4926 /* Debug */ = {
			isa = XCBuildConfiguration;
			buildSettings = {
				ASSETCATALOG_COMPILER_APPICON_NAME = AppIcon;
				INFOPLIST_FILE = "$(SRCROOT)/NetworkTask/Supporting Files/Info.plist";
				IPHONEOS_DEPLOYMENT_TARGET = 11.4;
				LD_RUNPATH_SEARCH_PATHS = (
					"$(inherited)",
					"@executable_path/Frameworks",
				);
				LIBRARY_SEARCH_PATHS = "$(inherited)";
				OTHER_LDFLAGS = "-all_load";
				PRODUCT_BUNDLE_IDENTIFIER = DS.NetworkTask;
				PRODUCT_NAME = "$(TARGET_NAME)";
				SWIFT_OBJC_BRIDGING_HEADER = "";
				SWIFT_VERSION = 4.2;
				TARGETED_DEVICE_FAMILY = 1;
			};
			name = Debug;
		};
		4D24EF731F49A0A9003F4926 /* Release */ = {
			isa = XCBuildConfiguration;
			buildSettings = {
				ASSETCATALOG_COMPILER_APPICON_NAME = AppIcon;
				INFOPLIST_FILE = "$(SRCROOT)/NetworkTask/Supporting Files/Info.plist";
				IPHONEOS_DEPLOYMENT_TARGET = 11.4;
				LD_RUNPATH_SEARCH_PATHS = (
					"$(inherited)",
					"@executable_path/Frameworks",
				);
				LIBRARY_SEARCH_PATHS = "$(inherited)";
				OTHER_LDFLAGS = "-all_load";
				PRODUCT_BUNDLE_IDENTIFIER = DS.NetworkTask;
				PRODUCT_NAME = "$(TARGET_NAME)";
				SWIFT_OBJC_BRIDGING_HEADER = "";
				SWIFT_VERSION = 4.2;
				TARGETED_DEVICE_FAMILY = 1;
			};
			name = Release;
		};
		4D24EF751F49A0A9003F4926 /* Debug */ = {
			isa = XCBuildConfiguration;
			buildSettings = {
				ALWAYS_EMBED_SWIFT_STANDARD_LIBRARIES = YES;
				BUNDLE_LOADER = "$(TEST_HOST)";
				INFOPLIST_FILE = NetworkTaskTests/Info.plist;
				LD_RUNPATH_SEARCH_PATHS = (
					"$(inherited)",
					"@executable_path/Frameworks",
					"@loader_path/Frameworks",
				);
				PRODUCT_BUNDLE_IDENTIFIER = DS.NetworkTaskTests;
				PRODUCT_NAME = "$(TARGET_NAME)";
				SWIFT_VERSION = 4.2;
				TEST_HOST = "$(BUILT_PRODUCTS_DIR)/NetworkTask.app/NetworkTask";
			};
			name = Debug;
		};
		4D24EF761F49A0A9003F4926 /* Release */ = {
			isa = XCBuildConfiguration;
			buildSettings = {
				ALWAYS_EMBED_SWIFT_STANDARD_LIBRARIES = YES;
				BUNDLE_LOADER = "$(TEST_HOST)";
				INFOPLIST_FILE = NetworkTaskTests/Info.plist;
				LD_RUNPATH_SEARCH_PATHS = (
					"$(inherited)",
					"@executable_path/Frameworks",
					"@loader_path/Frameworks",
				);
				PRODUCT_BUNDLE_IDENTIFIER = DS.NetworkTaskTests;
				PRODUCT_NAME = "$(TARGET_NAME)";
				SWIFT_VERSION = 4.2;
				TEST_HOST = "$(BUILT_PRODUCTS_DIR)/NetworkTask.app/NetworkTask";
			};
			name = Release;
		};
/* End XCBuildConfiguration section */

/* Begin XCConfigurationList section */
		4D24EF4F1F49A0A9003F4926 /* Build configuration list for PBXProject "NetworkTask" */ = {
			isa = XCConfigurationList;
			buildConfigurations = (
				4D24EF6F1F49A0A9003F4926 /* Debug */,
				4D24EF701F49A0A9003F4926 /* Release */,
			);
			defaultConfigurationIsVisible = 0;
			defaultConfigurationName = Release;
		};
		4D24EF711F49A0A9003F4926 /* Build configuration list for PBXNativeTarget "NetworkTask" */ = {
			isa = XCConfigurationList;
			buildConfigurations = (
				4D24EF721F49A0A9003F4926 /* Debug */,
				4D24EF731F49A0A9003F4926 /* Release */,
			);
			defaultConfigurationIsVisible = 0;
			defaultConfigurationName = Release;
		};
		4D24EF741F49A0A9003F4926 /* Build configuration list for PBXNativeTarget "NetworkTaskTests" */ = {
			isa = XCConfigurationList;
			buildConfigurations = (
				4D24EF751F49A0A9003F4926 /* Debug */,
				4D24EF761F49A0A9003F4926 /* Release */,
			);
			defaultConfigurationIsVisible = 0;
			defaultConfigurationName = Release;
		};
/* End XCConfigurationList section */
	};
	rootObject = 4D24EF4C1F49A0A9003F4926 /* Project object */;
}
